
Microsoft Visual Studio Solution File, Format Version 12.00
# Visual Studio Version 17
VisualStudioVersion = 17.6.33723.286
MinimumVisualStudioVersion = 10.0.40219.1
Project("{FAE04EC0-301F-11D3-BF4B-00C04F79EFBC}") = "TodoApi", "TodoApi\TodoApi.csproj", "{9E297EB0-6495-496B-A090-A76F97B92517}"
EndProject
Project("{FAE04EC0-301F-11D3-BF4B-00C04F79EFBC}") = "TodoApi.Contracts", "TodoApi.Contracts\TodoApi.Contracts.csproj", "{9248FBE8-413B-49AA-8885-E414F6D7A9B4}"
EndProject
Global
	GlobalSection(SolutionConfigurationPlatforms) = preSolution
		Debug|Any CPU = Debug|Any CPU
		Release|Any CPU = Release|Any CPU
	EndGlobalSection
	GlobalSection(ProjectConfigurationPlatforms) = postSolution
		{9E297EB0-6495-496B-A090-A76F97B92517}.Debug|Any CPU.ActiveCfg = Debug|Any CPU
		{9E297EB0-6495-496B-A090-A76F97B92517}.Debug|Any CPU.Build.0 = Debug|Any CPU
		{9E297EB0-6495-496B-A090-A76F97B92517}.Release|Any CPU.ActiveCfg = Release|Any CPU
		{9E297EB0-6495-496B-A090-A76F97B92517}.Release|Any CPU.Build.0 = Release|Any CPU
		{9248FBE8-413B-49AA-8885-E414F6D7A9B4}.Debug|Any CPU.ActiveCfg = Debug|Any CPU
		{9248FBE8-413B-49AA-8885-E414F6D7A9B4}.Debug|Any CPU.Build.0 = Debug|Any CPU
		{9248FBE8-413B-49AA-8885-E414F6D7A9B4}.Release|Any CPU.ActiveCfg = Release|Any CPU
		{9248FBE8-413B-49AA-8885-E414F6D7A9B4}.Release|Any CPU.Build.0 = Release|Any CPU
	EndGlobalSection
	GlobalSection(SolutionProperties) = preSolution
		HideSolutionNode = FALSE
	EndGlobalSection
	GlobalSection(ExtensibilityGlobals) = postSolution
		SolutionGuid = {BEE38BF2-FE6A-4936-962E-D855B5254461}
	EndGlobalSection
EndGlobal
